{
  "name": "rest-to-jsonrpc-2.0",
  "version": "1.0.17",
  "lockfileVersion": 3,
  "requires": true,
  "packages": {
    "": {
      "name": "rest-to-jsonrpc-2.0",
      "version": "1.0.17",
      "license": "ISC"
    },
    "node_modules/rest-to-jsonrpc-2.0": {
      "resolved": "",
      "link": true
    }
  }
}
